
Microsoft Visual Studio Solution File, Format Version 12.00
# Visual Studio Version 16
VisualStudioVersion = 16.0.28606.126
MinimumVisualStudioVersion = 10.0.40219.1
Project("{9A19103F-16F7-4668-BE54-9A1E7A4F7556}") = "Cave.Net", "Cave.Net\Cave.Net.csproj", "{61B3DA74-3D5E-4A38-AACD-244269513AE3}"
EndProject
Project("{9A19103F-16F7-4668-BE54-9A1E7A4F7556}") = "Test", "Test\Test.csproj", "{E0B4D9CF-6AB7-4CEE-8741-C6EA8CE2689F}"
EndProject
Project("{2150E333-8FDC-42A3-9474-1A3956D46DE8}") = "Solution Items", "Solution Items", "{AF4DC660-603E-40FE-93F4-8CE23AFABD51}"
	ProjectSection(SolutionItems) = preProject
		.gitignore = .gitignore
		azure-pipelines.yml = azure-pipelines.yml
		build.bat = build.bat
		CodeMaid.config = CodeMaid.config
		Directory.Build.props = Directory.Build.props
		Directory.Build.targets = Directory.Build.targets
		LICENSE = LICENSE
		Rebracer.xml = Rebracer.xml
	EndProjectSection
EndProject
Project("{9A19103F-16F7-4668-BE54-9A1E7A4F7556}") = "wol-send", "wol-send\wol-send.csproj", "{2C7F5CB7-8063-4A1B-9FE5-72FF9865DFA8}"
EndProject
Global
	GlobalSection(SolutionConfigurationPlatforms) = preSolution
		Debug|Any CPU = Debug|Any CPU
		Release|Any CPU = Release|Any CPU
	EndGlobalSection
	GlobalSection(ProjectConfigurationPlatforms) = postSolution
		{61B3DA74-3D5E-4A38-AACD-244269513AE3}.Debug|Any CPU.ActiveCfg = Debug|Any CPU
		{61B3DA74-3D5E-4A38-AACD-244269513AE3}.Debug|Any CPU.Build.0 = Debug|Any CPU
		{61B3DA74-3D5E-4A38-AACD-244269513AE3}.Release|Any CPU.ActiveCfg = Release|Any CPU
		{61B3DA74-3D5E-4A38-AACD-244269513AE3}.Release|Any CPU.Build.0 = Release|Any CPU
		{E0B4D9CF-6AB7-4CEE-8741-C6EA8CE2689F}.Debug|Any CPU.ActiveCfg = Debug|Any CPU
		{E0B4D9CF-6AB7-4CEE-8741-C6EA8CE2689F}.Debug|Any CPU.Build.0 = Debug|Any CPU
		{E0B4D9CF-6AB7-4CEE-8741-C6EA8CE2689F}.Release|Any CPU.ActiveCfg = Release|Any CPU
		{E0B4D9CF-6AB7-4CEE-8741-C6EA8CE2689F}.Release|Any CPU.Build.0 = Release|Any CPU
		{2C7F5CB7-8063-4A1B-9FE5-72FF9865DFA8}.Debug|Any CPU.ActiveCfg = Debug|Any CPU
		{2C7F5CB7-8063-4A1B-9FE5-72FF9865DFA8}.Debug|Any CPU.Build.0 = Debug|Any CPU
		{2C7F5CB7-8063-4A1B-9FE5-72FF9865DFA8}.Release|Any CPU.ActiveCfg = Release|Any CPU
		{2C7F5CB7-8063-4A1B-9FE5-72FF9865DFA8}.Release|Any CPU.Build.0 = Release|Any CPU
	EndGlobalSection
	GlobalSection(SolutionProperties) = preSolution
		HideSolutionNode = FALSE
	EndGlobalSection
	GlobalSection(ExtensibilityGlobals) = postSolution
		SolutionGuid = {FC13539C-6192-4C47-A6ED-8E5339E73175}
	EndGlobalSection
EndGlobal
