Microsoft Visual Studio Solution File, Format Version 12.00
# Visual Studio Version 17
VisualStudioVersion = 17.5.33530.505
MinimumVisualStudioVersion = 10.0.40219.1
Project("{9A19103F-16F7-4668-BE54-9A1E7A4F7556}") = "Cave.Net", "Cave.Net\Cave.Net.csproj", "{61B3DA74-3D5E-4A38-AACD-244269513AE3}"
EndProject
Project("{2150E333-8FDC-42A3-9474-1A3956D46DE8}") = "Solution Items", "Solution Items", "{AF4DC660-603E-40FE-93F4-8CE23AFABD51}"
	ProjectSection(SolutionItems) = preProject
		.editorconfig = .editorconfig
		.gitignore = .gitignore
		azure-pipelines.yml = azure-pipelines.yml
		build.bat = build.bat
		cavesystems.pdn = cavesystems.pdn
		cavesystems.png = cavesystems.png
		CodeMaid.config = CodeMaid.config
		Directory.Build.props = Directory.Build.props
		Directory.Build.targets = Directory.Build.targets
		LICENSE = LICENSE
	EndProjectSection
EndProject
Project("{9A19103F-16F7-4668-BE54-9A1E7A4F7556}") = "wol-send", "wol-send\wol-send.csproj", "{2C7F5CB7-8063-4A1B-9FE5-72FF9865DFA8}"
EndProject
Project("{2150E333-8FDC-42A3-9474-1A3956D46DE8}") = "Test", "Test", "{EB799F06-AFED-4528-8A89-01212B8B4770}"
EndProject
Project("{2150E333-8FDC-42A3-9474-1A3956D46DE8}") = "Tools", "Tools", "{1886F3AF-A172-4343-8BFA-6F46257DEFB6}"
EndProject
Project("{9A19103F-16F7-4668-BE54-9A1E7A4F7556}") = "net-scan", "net-scan\net-scan.csproj", "{8E18354C-B56C-4207-97AD-62412F60666C}"
EndProject
Project("{9A19103F-16F7-4668-BE54-9A1E7A4F7556}") = "net_2.0-3.5", "Test\net_2.0-3.5.csproj", "{D55A11DB-A367-4D85-872B-0EADE7D73F49}"
EndProject
Project("{9A19103F-16F7-4668-BE54-9A1E7A4F7556}") = "net_4.x", "Test\net_4.x.csproj", "{7FB52805-0E35-4FE5-B41F-082FF0359F17}"
EndProject
Project("{9A19103F-16F7-4668-BE54-9A1E7A4F7556}") = "net_5+", "Test\net_5+.csproj", "{58271E4F-6165-4BF1-B90E-4FB7A74DFE2D}"
EndProject
Project("{9A19103F-16F7-4668-BE54-9A1E7A4F7556}") = "netcore_3.1", "Test\netcore_3.1.csproj", "{F1AC9719-0D93-4077-85FD-EA001C982076}"
EndProject
Global
	GlobalSection(SolutionConfigurationPlatforms) = preSolution
		Debug|Any CPU = Debug|Any CPU
		Release|Any CPU = Release|Any CPU
	EndGlobalSection
	GlobalSection(ProjectConfigurationPlatforms) = postSolution
		{61B3DA74-3D5E-4A38-AACD-244269513AE3}.Debug|Any CPU.ActiveCfg = Debug|Any CPU
		{61B3DA74-3D5E-4A38-AACD-244269513AE3}.Debug|Any CPU.Build.0 = Debug|Any CPU
		{61B3DA74-3D5E-4A38-AACD-244269513AE3}.Release|Any CPU.ActiveCfg = Release|Any CPU
		{61B3DA74-3D5E-4A38-AACD-244269513AE3}.Release|Any CPU.Build.0 = Release|Any CPU
		{2C7F5CB7-8063-4A1B-9FE5-72FF9865DFA8}.Debug|Any CPU.ActiveCfg = Debug|Any CPU
		{2C7F5CB7-8063-4A1B-9FE5-72FF9865DFA8}.Debug|Any CPU.Build.0 = Debug|Any CPU
		{2C7F5CB7-8063-4A1B-9FE5-72FF9865DFA8}.Release|Any CPU.ActiveCfg = Release|Any CPU
		{2C7F5CB7-8063-4A1B-9FE5-72FF9865DFA8}.Release|Any CPU.Build.0 = Release|Any CPU
		{8E18354C-B56C-4207-97AD-62412F60666C}.Debug|Any CPU.ActiveCfg = Debug|Any CPU
		{8E18354C-B56C-4207-97AD-62412F60666C}.Debug|Any CPU.Build.0 = Debug|Any CPU
		{8E18354C-B56C-4207-97AD-62412F60666C}.Release|Any CPU.ActiveCfg = Release|Any CPU
		{8E18354C-B56C-4207-97AD-62412F60666C}.Release|Any CPU.Build.0 = Release|Any CPU
		{D55A11DB-A367-4D85-872B-0EADE7D73F49}.Debug|Any CPU.ActiveCfg = Debug|Any CPU
		{D55A11DB-A367-4D85-872B-0EADE7D73F49}.Debug|Any CPU.Build.0 = Debug|Any CPU
		{D55A11DB-A367-4D85-872B-0EADE7D73F49}.Release|Any CPU.ActiveCfg = Release|Any CPU
		{D55A11DB-A367-4D85-872B-0EADE7D73F49}.Release|Any CPU.Build.0 = Release|Any CPU
		{7FB52805-0E35-4FE5-B41F-082FF0359F17}.Debug|Any CPU.ActiveCfg = Debug|Any CPU
		{7FB52805-0E35-4FE5-B41F-082FF0359F17}.Debug|Any CPU.Build.0 = Debug|Any CPU
		{7FB52805-0E35-4FE5-B41F-082FF0359F17}.Release|Any CPU.ActiveCfg = Release|Any CPU
		{7FB52805-0E35-4FE5-B41F-082FF0359F17}.Release|Any CPU.Build.0 = Release|Any CPU
		{58271E4F-6165-4BF1-B90E-4FB7A74DFE2D}.Debug|Any CPU.ActiveCfg = Debug|Any CPU
		{58271E4F-6165-4BF1-B90E-4FB7A74DFE2D}.Debug|Any CPU.Build.0 = Debug|Any CPU
		{58271E4F-6165-4BF1-B90E-4FB7A74DFE2D}.Release|Any CPU.ActiveCfg = Release|Any CPU
		{58271E4F-6165-4BF1-B90E-4FB7A74DFE2D}.Release|Any CPU.Build.0 = Release|Any CPU
		{F1AC9719-0D93-4077-85FD-EA001C982076}.Debug|Any CPU.ActiveCfg = Debug|Any CPU
		{F1AC9719-0D93-4077-85FD-EA001C982076}.Debug|Any CPU.Build.0 = Debug|Any CPU
		{F1AC9719-0D93-4077-85FD-EA001C982076}.Release|Any CPU.ActiveCfg = Release|Any CPU
		{F1AC9719-0D93-4077-85FD-EA001C982076}.Release|Any CPU.Build.0 = Release|Any CPU
	EndGlobalSection
	GlobalSection(SolutionProperties) = preSolution
		HideSolutionNode = FALSE
	EndGlobalSection
	GlobalSection(NestedProjects) = preSolution
		{2C7F5CB7-8063-4A1B-9FE5-72FF9865DFA8} = {1886F3AF-A172-4343-8BFA-6F46257DEFB6}
		{8E18354C-B56C-4207-97AD-62412F60666C} = {1886F3AF-A172-4343-8BFA-6F46257DEFB6}
		{D55A11DB-A367-4D85-872B-0EADE7D73F49} = {EB799F06-AFED-4528-8A89-01212B8B4770}
		{7FB52805-0E35-4FE5-B41F-082FF0359F17} = {EB799F06-AFED-4528-8A89-01212B8B4770}
		{58271E4F-6165-4BF1-B90E-4FB7A74DFE2D} = {EB799F06-AFED-4528-8A89-01212B8B4770}
		{F1AC9719-0D93-4077-85FD-EA001C982076} = {EB799F06-AFED-4528-8A89-01212B8B4770}
	EndGlobalSection
	GlobalSection(ExtensibilityGlobals) = postSolution
		SolutionGuid = {FC13539C-6192-4C47-A6ED-8E5339E73175}
	EndGlobalSection
EndGlobal
